
Microsoft Visual Studio Solution File, Format Version 12.00
# Visual Studio 15
Project("{FAE04EC0-301F-11D3-BF4B-00C04F79EFBC}") = "NodeCanvas", "NodeCanvas.csproj", "{6A12679E-6323-C760-901B-B87914C764C4}"
EndProject
Project("{FAE04EC0-301F-11D3-BF4B-00C04F79EFBC}") = "ParadoxNotion", "ParadoxNotion.csproj", "{89B26A48-D8BC-9652-15D0-71152243CB2C}"
EndProject
Project("{FAE04EC0-301F-11D3-BF4B-00C04F79EFBC}") = "CFXRDemo", "CFXRDemo.csproj", "{F1A19D35-6982-9716-FE40-3D949E3C6469}"
EndProject
Project("{FAE04EC0-301F-11D3-BF4B-00C04F79EFBC}") = "Assembly-CSharp", "Assembly-CSharp.csproj", "{7CF46995-1C54-E453-75DB-2E9D19C8AFF7}"
EndProject
Project("{FAE04EC0-301F-11D3-BF4B-00C04F79EFBC}") = "CFXRDemoEditor", "CFXRDemoEditor.csproj", "{D3DE7FEC-449F-05DF-22CB-54CB6FFF6E6C}"
EndProject
Project("{FAE04EC0-301F-11D3-BF4B-00C04F79EFBC}") = "CFXRRuntime", "CFXRRuntime.csproj", "{283D299C-A6FD-7235-50CE-7595B24F5BFC}"
EndProject
Project("{FAE04EC0-301F-11D3-BF4B-00C04F79EFBC}") = "Assembly-CSharp-Editor", "Assembly-CSharp-Editor.csproj", "{47D2D9BE-9136-4B19-B11B-421048912949}"
EndProject
Project("{FAE04EC0-301F-11D3-BF4B-00C04F79EFBC}") = "CFXREditor", "CFXREditor.csproj", "{EFE6BDD3-E98D-7949-4B9D-A677073C75A0}"
EndProject
Global
	GlobalSection(SolutionConfigurationPlatforms) = preSolution
		Debug|Any CPU = Debug|Any CPU
		Release|Any CPU = Release|Any CPU
	EndGlobalSection
	GlobalSection(ProjectConfigurationPlatforms) = postSolution
		{6A12679E-6323-C760-901B-B87914C764C4}.Debug|Any CPU.ActiveCfg = Debug|Any CPU
		{6A12679E-6323-C760-901B-B87914C764C4}.Debug|Any CPU.Build.0 = Debug|Any CPU
		{6A12679E-6323-C760-901B-B87914C764C4}.Release|Any CPU.ActiveCfg = Release|Any CPU
		{6A12679E-6323-C760-901B-B87914C764C4}.Release|Any CPU.Build.0 = Release|Any CPU
		{89B26A48-D8BC-9652-15D0-71152243CB2C}.Debug|Any CPU.ActiveCfg = Debug|Any CPU
		{89B26A48-D8BC-9652-15D0-71152243CB2C}.Debug|Any CPU.Build.0 = Debug|Any CPU
		{89B26A48-D8BC-9652-15D0-71152243CB2C}.Release|Any CPU.ActiveCfg = Release|Any CPU
		{89B26A48-D8BC-9652-15D0-71152243CB2C}.Release|Any CPU.Build.0 = Release|Any CPU
		{F1A19D35-6982-9716-FE40-3D949E3C6469}.Debug|Any CPU.ActiveCfg = Debug|Any CPU
		{F1A19D35-6982-9716-FE40-3D949E3C6469}.Debug|Any CPU.Build.0 = Debug|Any CPU
		{F1A19D35-6982-9716-FE40-3D949E3C6469}.Release|Any CPU.ActiveCfg = Release|Any CPU
		{F1A19D35-6982-9716-FE40-3D949E3C6469}.Release|Any CPU.Build.0 = Release|Any CPU
		{7CF46995-1C54-E453-75DB-2E9D19C8AFF7}.Debug|Any CPU.ActiveCfg = Debug|Any CPU
		{7CF46995-1C54-E453-75DB-2E9D19C8AFF7}.Debug|Any CPU.Build.0 = Debug|Any CPU
		{7CF46995-1C54-E453-75DB-2E9D19C8AFF7}.Release|Any CPU.ActiveCfg = Release|Any CPU
		{7CF46995-1C54-E453-75DB-2E9D19C8AFF7}.Release|Any CPU.Build.0 = Release|Any CPU
		{D3DE7FEC-449F-05DF-22CB-54CB6FFF6E6C}.Debug|Any CPU.ActiveCfg = Debug|Any CPU
		{D3DE7FEC-449F-05DF-22CB-54CB6FFF6E6C}.Debug|Any CPU.Build.0 = Debug|Any CPU
		{D3DE7FEC-449F-05DF-22CB-54CB6FFF6E6C}.Release|Any CPU.ActiveCfg = Release|Any CPU
		{D3DE7FEC-449F-05DF-22CB-54CB6FFF6E6C}.Release|Any CPU.Build.0 = Release|Any CPU
		{283D299C-A6FD-7235-50CE-7595B24F5BFC}.Debug|Any CPU.ActiveCfg = Debug|Any CPU
		{283D299C-A6FD-7235-50CE-7595B24F5BFC}.Debug|Any CPU.Build.0 = Debug|Any CPU
		{283D299C-A6FD-7235-50CE-7595B24F5BFC}.Release|Any CPU.ActiveCfg = Release|Any CPU
		{283D299C-A6FD-7235-50CE-7595B24F5BFC}.Release|Any CPU.Build.0 = Release|Any CPU
		{47D2D9BE-9136-4B19-B11B-421048912949}.Debug|Any CPU.ActiveCfg = Debug|Any CPU
		{47D2D9BE-9136-4B19-B11B-421048912949}.Debug|Any CPU.Build.0 = Debug|Any CPU
		{47D2D9BE-9136-4B19-B11B-421048912949}.Release|Any CPU.ActiveCfg = Release|Any CPU
		{47D2D9BE-9136-4B19-B11B-421048912949}.Release|Any CPU.Build.0 = Release|Any CPU
		{EFE6BDD3-E98D-7949-4B9D-A677073C75A0}.Debug|Any CPU.ActiveCfg = Debug|Any CPU
		{EFE6BDD3-E98D-7949-4B9D-A677073C75A0}.Debug|Any CPU.Build.0 = Debug|Any CPU
		{EFE6BDD3-E98D-7949-4B9D-A677073C75A0}.Release|Any CPU.ActiveCfg = Release|Any CPU
		{EFE6BDD3-E98D-7949-4B9D-A677073C75A0}.Release|Any CPU.Build.0 = Release|Any CPU
	EndGlobalSection
	GlobalSection(SolutionProperties) = preSolution
		HideSolutionNode = FALSE
	EndGlobalSection
EndGlobal
